
Microsoft Visual Studio Solution File, Format Version 12.00
# Visual Studio 2013
VisualStudioVersion = 12.0.40629.0
MinimumVisualStudioVersion = 10.0.40219.1
Project("{8BC9CEB8-8B4A-11D0-8D11-00A0C91BC942}") = "display-driver-helper", "display-driver-helper\display-driver-helper.vcxproj", "{9876DE2A-5C78-40D2-AF98-068F0364B67F}"
EndProject
Project("{8BC9CEB8-8B4A-11D0-8D11-00A0C91BC942}") = "display-driver-helper Package", "display-driver-helper Package\display-driver-helper Package.vcxproj", "{18B8B507-AC0F-4CC5-839B-A61D2E5B61B5}"
	ProjectSection(ProjectDependencies) = postProject
		{9876DE2A-5C78-40D2-AF98-068F0364B67F} = {9876DE2A-5C78-40D2-AF98-068F0364B67F}
	EndProjectSection
EndProject
Global
	GlobalSection(SolutionConfigurationPlatforms) = preSolution
		Win7 Debug|Win32 = Win7 Debug|Win32
		Win7 Debug|x64 = Win7 Debug|x64
		Win7 Release|Win32 = Win7 Release|Win32
		Win7 Release|x64 = Win7 Release|x64
		Win7UserDebug|Win32 = Win7UserDebug|Win32
		Win7UserDebug|x64 = Win7UserDebug|x64
		Win7UserRelease|Win32 = Win7UserRelease|Win32
		Win7UserRelease|x64 = Win7UserRelease|x64
		Win8 Debug|Win32 = Win8 Debug|Win32
		Win8 Debug|x64 = Win8 Debug|x64
		Win8 Release|Win32 = Win8 Release|Win32
		Win8 Release|x64 = Win8 Release|x64
		Win8.1 Debug|Win32 = Win8.1 Debug|Win32
		Win8.1 Debug|x64 = Win8.1 Debug|x64
		Win8.1 Release|Win32 = Win8.1 Release|Win32
		Win8.1 Release|x64 = Win8.1 Release|x64
	EndGlobalSection
	GlobalSection(ProjectConfigurationPlatforms) = postSolution
		{9876DE2A-5C78-40D2-AF98-068F0364B67F}.Win7 Debug|Win32.ActiveCfg = Win7 Debug|Win32
		{9876DE2A-5C78-40D2-AF98-068F0364B67F}.Win7 Debug|Win32.Build.0 = Win7 Debug|Win32
		{9876DE2A-5C78-40D2-AF98-068F0364B67F}.Win7 Debug|Win32.Deploy.0 = Win7 Debug|Win32
		{9876DE2A-5C78-40D2-AF98-068F0364B67F}.Win7 Debug|x64.ActiveCfg = Win7 Debug|x64
		{9876DE2A-5C78-40D2-AF98-068F0364B67F}.Win7 Debug|x64.Build.0 = Win7 Debug|x64
		{9876DE2A-5C78-40D2-AF98-068F0364B67F}.Win7 Debug|x64.Deploy.0 = Win7 Debug|x64
		{9876DE2A-5C78-40D2-AF98-068F0364B67F}.Win7 Release|Win32.ActiveCfg = Win7 Release|Win32
		{9876DE2A-5C78-40D2-AF98-068F0364B67F}.Win7 Release|Win32.Build.0 = Win7 Release|Win32
		{9876DE2A-5C78-40D2-AF98-068F0364B67F}.Win7 Release|Win32.Deploy.0 = Win7 Release|Win32
		{9876DE2A-5C78-40D2-AF98-068F0364B67F}.Win7 Release|x64.ActiveCfg = Win7 Release|x64
		{9876DE2A-5C78-40D2-AF98-068F0364B67F}.Win7 Release|x64.Build.0 = Win7 Release|x64
		{9876DE2A-5C78-40D2-AF98-068F0364B67F}.Win7 Release|x64.Deploy.0 = Win7 Release|x64
		{9876DE2A-5C78-40D2-AF98-068F0364B67F}.Win7UserDebug|Win32.ActiveCfg = Win7UserDebug|Win32
		{9876DE2A-5C78-40D2-AF98-068F0364B67F}.Win7UserDebug|Win32.Build.0 = Win7UserDebug|Win32
		{9876DE2A-5C78-40D2-AF98-068F0364B67F}.Win7UserDebug|x64.ActiveCfg = Win7UserDebug|x64
		{9876DE2A-5C78-40D2-AF98-068F0364B67F}.Win7UserDebug|x64.Build.0 = Win7UserDebug|x64
		{9876DE2A-5C78-40D2-AF98-068F0364B67F}.Win7UserDebug|x64.Deploy.0 = Win7UserDebug|x64
		{9876DE2A-5C78-40D2-AF98-068F0364B67F}.Win7UserRelease|Win32.ActiveCfg = Win7UserRelease|Win32
		{9876DE2A-5C78-40D2-AF98-068F0364B67F}.Win7UserRelease|Win32.Build.0 = Win7UserRelease|Win32
		{9876DE2A-5C78-40D2-AF98-068F0364B67F}.Win7UserRelease|x64.ActiveCfg = Win7UserRelease|x64
		{9876DE2A-5C78-40D2-AF98-068F0364B67F}.Win7UserRelease|x64.Build.0 = Win7UserRelease|x64
		{9876DE2A-5C78-40D2-AF98-068F0364B67F}.Win7UserRelease|x64.Deploy.0 = Win7UserRelease|x64
		{9876DE2A-5C78-40D2-AF98-068F0364B67F}.Win8 Debug|Win32.ActiveCfg = Win8 Debug|Win32
		{9876DE2A-5C78-40D2-AF98-068F0364B67F}.Win8 Debug|Win32.Build.0 = Win8 Debug|Win32
		{9876DE2A-5C78-40D2-AF98-068F0364B67F}.Win8 Debug|Win32.Deploy.0 = Win8 Debug|Win32
		{9876DE2A-5C78-40D2-AF98-068F0364B67F}.Win8 Debug|x64.ActiveCfg = Win8 Debug|x64
		{9876DE2A-5C78-40D2-AF98-068F0364B67F}.Win8 Debug|x64.Build.0 = Win8 Debug|x64
		{9876DE2A-5C78-40D2-AF98-068F0364B67F}.Win8 Debug|x64.Deploy.0 = Win8 Debug|x64
		{9876DE2A-5C78-40D2-AF98-068F0364B67F}.Win8 Release|Win32.ActiveCfg = Win8 Release|Win32
		{9876DE2A-5C78-40D2-AF98-068F0364B67F}.Win8 Release|Win32.Build.0 = Win8 Release|Win32
		{9876DE2A-5C78-40D2-AF98-068F0364B67F}.Win8 Release|Win32.Deploy.0 = Win8 Release|Win32
		{9876DE2A-5C78-40D2-AF98-068F0364B67F}.Win8 Release|x64.ActiveCfg = Win8 Release|x64
		{9876DE2A-5C78-40D2-AF98-068F0364B67F}.Win8 Release|x64.Build.0 = Win8 Release|x64
		{9876DE2A-5C78-40D2-AF98-068F0364B67F}.Win8 Release|x64.Deploy.0 = Win8 Release|x64
		{9876DE2A-5C78-40D2-AF98-068F0364B67F}.Win8.1 Debug|Win32.ActiveCfg = Win8.1 Debug|Win32
		{9876DE2A-5C78-40D2-AF98-068F0364B67F}.Win8.1 Debug|Win32.Build.0 = Win8.1 Debug|Win32
		{9876DE2A-5C78-40D2-AF98-068F0364B67F}.Win8.1 Debug|Win32.Deploy.0 = Win8.1 Debug|Win32
		{9876DE2A-5C78-40D2-AF98-068F0364B67F}.Win8.1 Debug|x64.ActiveCfg = Win8.1 Debug|x64
		{9876DE2A-5C78-40D2-AF98-068F0364B67F}.Win8.1 Debug|x64.Build.0 = Win8.1 Debug|x64
		{9876DE2A-5C78-40D2-AF98-068F0364B67F}.Win8.1 Debug|x64.Deploy.0 = Win8.1 Debug|x64
		{9876DE2A-5C78-40D2-AF98-068F0364B67F}.Win8.1 Release|Win32.ActiveCfg = Win8.1 Release|Win32
		{9876DE2A-5C78-40D2-AF98-068F0364B67F}.Win8.1 Release|Win32.Build.0 = Win8.1 Release|Win32
		{9876DE2A-5C78-40D2-AF98-068F0364B67F}.Win8.1 Release|Win32.Deploy.0 = Win8.1 Release|Win32
		{9876DE2A-5C78-40D2-AF98-068F0364B67F}.Win8.1 Release|x64.ActiveCfg = Win8.1 Release|x64
		{9876DE2A-5C78-40D2-AF98-068F0364B67F}.Win8.1 Release|x64.Build.0 = Win8.1 Release|x64
		{9876DE2A-5C78-40D2-AF98-068F0364B67F}.Win8.1 Release|x64.Deploy.0 = Win8.1 Release|x64
		{18B8B507-AC0F-4CC5-839B-A61D2E5B61B5}.Win7 Debug|Win32.ActiveCfg = Win7 Debug|Win32
		{18B8B507-AC0F-4CC5-839B-A61D2E5B61B5}.Win7 Debug|Win32.Build.0 = Win7 Debug|Win32
		{18B8B507-AC0F-4CC5-839B-A61D2E5B61B5}.Win7 Debug|Win32.Deploy.0 = Win7 Debug|Win32
		{18B8B507-AC0F-4CC5-839B-A61D2E5B61B5}.Win7 Debug|x64.ActiveCfg = Win7 Debug|x64
		{18B8B507-AC0F-4CC5-839B-A61D2E5B61B5}.Win7 Debug|x64.Build.0 = Win7 Debug|x64
		{18B8B507-AC0F-4CC5-839B-A61D2E5B61B5}.Win7 Debug|x64.Deploy.0 = Win7 Debug|x64
		{18B8B507-AC0F-4CC5-839B-A61D2E5B61B5}.Win7 Release|Win32.ActiveCfg = Win7 Release|Win32
		{18B8B507-AC0F-4CC5-839B-A61D2E5B61B5}.Win7 Release|Win32.Build.0 = Win7 Release|Win32
		{18B8B507-AC0F-4CC5-839B-A61D2E5B61B5}.Win7 Release|Win32.Deploy.0 = Win7 Release|Win32
		{18B8B507-AC0F-4CC5-839B-A61D2E5B61B5}.Win7 Release|x64.ActiveCfg = Win7 Release|x64
		{18B8B507-AC0F-4CC5-839B-A61D2E5B61B5}.Win7 Release|x64.Build.0 = Win7 Release|x64
		{18B8B507-AC0F-4CC5-839B-A61D2E5B61B5}.Win7 Release|x64.Deploy.0 = Win7 Release|x64
		{18B8B507-AC0F-4CC5-839B-A61D2E5B61B5}.Win7UserDebug|Win32.ActiveCfg = Win7UserDebug|Win32
		{18B8B507-AC0F-4CC5-839B-A61D2E5B61B5}.Win7UserDebug|Win32.Build.0 = Win7UserDebug|Win32
		{18B8B507-AC0F-4CC5-839B-A61D2E5B61B5}.Win7UserDebug|x64.ActiveCfg = Win7UserDebug|x64
		{18B8B507-AC0F-4CC5-839B-A61D2E5B61B5}.Win7UserDebug|x64.Build.0 = Win7UserDebug|x64
		{18B8B507-AC0F-4CC5-839B-A61D2E5B61B5}.Win7UserDebug|x64.Deploy.0 = Win7UserDebug|x64
		{18B8B507-AC0F-4CC5-839B-A61D2E5B61B5}.Win7UserRelease|Win32.ActiveCfg = Win7UserRelease|Win32
		{18B8B507-AC0F-4CC5-839B-A61D2E5B61B5}.Win7UserRelease|Win32.Build.0 = Win7UserRelease|Win32
		{18B8B507-AC0F-4CC5-839B-A61D2E5B61B5}.Win7UserRelease|x64.ActiveCfg = Win7UserRelease|x64
		{18B8B507-AC0F-4CC5-839B-A61D2E5B61B5}.Win7UserRelease|x64.Build.0 = Win7UserRelease|x64
		{18B8B507-AC0F-4CC5-839B-A61D2E5B61B5}.Win7UserRelease|x64.Deploy.0 = Win7UserRelease|x64
		{18B8B507-AC0F-4CC5-839B-A61D2E5B61B5}.Win8 Debug|Win32.ActiveCfg = Win8 Debug|Win32
		{18B8B507-AC0F-4CC5-839B-A61D2E5B61B5}.Win8 Debug|Win32.Build.0 = Win8 Debug|Win32
		{18B8B507-AC0F-4CC5-839B-A61D2E5B61B5}.Win8 Debug|Win32.Deploy.0 = Win8 Debug|Win32
		{18B8B507-AC0F-4CC5-839B-A61D2E5B61B5}.Win8 Debug|x64.ActiveCfg = Win8 Debug|x64
		{18B8B507-AC0F-4CC5-839B-A61D2E5B61B5}.Win8 Debug|x64.Build.0 = Win8 Debug|x64
		{18B8B507-AC0F-4CC5-839B-A61D2E5B61B5}.Win8 Debug|x64.Deploy.0 = Win8 Debug|x64
		{18B8B507-AC0F-4CC5-839B-A61D2E5B61B5}.Win8 Release|Win32.ActiveCfg = Win8 Release|Win32
		{18B8B507-AC0F-4CC5-839B-A61D2E5B61B5}.Win8 Release|Win32.Build.0 = Win8 Release|Win32
		{18B8B507-AC0F-4CC5-839B-A61D2E5B61B5}.Win8 Release|Win32.Deploy.0 = Win8 Release|Win32
		{18B8B507-AC0F-4CC5-839B-A61D2E5B61B5}.Win8 Release|x64.ActiveCfg = Win8 Release|x64
		{18B8B507-AC0F-4CC5-839B-A61D2E5B61B5}.Win8 Release|x64.Build.0 = Win8 Release|x64
		{18B8B507-AC0F-4CC5-839B-A61D2E5B61B5}.Win8 Release|x64.Deploy.0 = Win8 Release|x64
		{18B8B507-AC0F-4CC5-839B-A61D2E5B61B5}.Win8.1 Debug|Win32.ActiveCfg = Win8.1 Debug|Win32
		{18B8B507-AC0F-4CC5-839B-A61D2E5B61B5}.Win8.1 Debug|Win32.Build.0 = Win8.1 Debug|Win32
		{18B8B507-AC0F-4CC5-839B-A61D2E5B61B5}.Win8.1 Debug|Win32.Deploy.0 = Win8.1 Debug|Win32
		{18B8B507-AC0F-4CC5-839B-A61D2E5B61B5}.Win8.1 Debug|x64.ActiveCfg = Win8.1 Debug|x64
		{18B8B507-AC0F-4CC5-839B-A61D2E5B61B5}.Win8.1 Debug|x64.Build.0 = Win8.1 Debug|x64
		{18B8B507-AC0F-4CC5-839B-A61D2E5B61B5}.Win8.1 Debug|x64.Deploy.0 = Win8.1 Debug|x64
		{18B8B507-AC0F-4CC5-839B-A61D2E5B61B5}.Win8.1 Release|Win32.ActiveCfg = Win8.1 Release|Win32
		{18B8B507-AC0F-4CC5-839B-A61D2E5B61B5}.Win8.1 Release|Win32.Build.0 = Win8.1 Release|Win32
		{18B8B507-AC0F-4CC5-839B-A61D2E5B61B5}.Win8.1 Release|Win32.Deploy.0 = Win8.1 Release|Win32
		{18B8B507-AC0F-4CC5-839B-A61D2E5B61B5}.Win8.1 Release|x64.ActiveCfg = Win8.1 Release|x64
		{18B8B507-AC0F-4CC5-839B-A61D2E5B61B5}.Win8.1 Release|x64.Build.0 = Win8.1 Release|x64
		{18B8B507-AC0F-4CC5-839B-A61D2E5B61B5}.Win8.1 Release|x64.Deploy.0 = Win8.1 Release|x64
	EndGlobalSection
	GlobalSection(SolutionProperties) = preSolution
		HideSolutionNode = FALSE
	EndGlobalSection
EndGlobal
